// !$*UTF8*$!
{
	archiveVersion = 1;
	classes = {
	};
	objectVersion = 46;
	objects = {

/* Begin PBXBuildFile section */
		1B01CBDB1C10145400065739 /* main.m in Sources */ = {isa = PBXBuildFile; fileRef = 1B01CBDA1C10145400065739 /* main.m */; };
		1B01CBDE1C10145400065739 /* AppDelegate.m in Sources */ = {isa = PBXBuildFile; fileRef = 1B01CBDD1C10145400065739 /* AppDelegate.m */; };
		1B01CBE41C10145400065739 /* Main.storyboard in Resources */ = {isa = PBXBuildFile; fileRef = 1B01CBE21C10145400065739 /* Main.storyboard */; };
		1B01CBE61C10145400065739 /* Assets.xcassets in Resources */ = {isa = PBXBuildFile; fileRef = 1B01CBE51C10145400065739 /* Assets.xcassets */; };
		1B01CBE91C10145400065739 /* LaunchScreen.storyboard in Resources */ = {isa = PBXBuildFile; fileRef = 1B01CBE71C10145400065739 /* LaunchScreen.storyboard */; };
		1B01CBFC1C1021F800065739 /* HADHomeViewController.m in Sources */ = {isa = PBXBuildFile; fileRef = 1B01CBFB1C1021F800065739 /* HADHomeViewController.m */; };
/* End PBXBuildFile section */

/* Begin PBXFileReference section */
		1B01CBD61C10145400065739 /* HaveADinner.app */ = {isa = PBXFileReference; explicitFileType = wrapper.application; includeInIndex = 0; path = HaveADinner.app; sourceTree = BUILT_PRODUCTS_DIR; };
		1B01CBDA1C10145400065739 /* main.m */ = {isa = PBXFileReference; lastKnownFileType = sourcecode.c.objc; path = main.m; sourceTree = "<group>"; };
		1B01CBDC1C10145400065739 /* AppDelegate.h */ = {isa = PBXFileReference; lastKnownFileType = sourcecode.c.h; name = AppDelegate.h; path = HaveADinner/AppDelegate.h; sourceTree = SOURCE_ROOT; };
		1B01CBDD1C10145400065739 /* AppDelegate.m */ = {isa = PBXFileReference; lastKnownFileType = sourcecode.c.objc; name = AppDelegate.m; path = HaveADinner/AppDelegate.m; sourceTree = SOURCE_ROOT; };
		1B01CBE31C10145400065739 /* Base */ = {isa = PBXFileReference; lastKnownFileType = file.storyboard; name = Base; path = Base.lproj/Main.storyboard; sourceTree = "<group>"; };
		1B01CBE51C10145400065739 /* Assets.xcassets */ = {isa = PBXFileReference; lastKnownFileType = folder.assetcatalog; path = Assets.xcassets; sourceTree = "<group>"; };
		1B01CBE81C10145400065739 /* Base */ = {isa = PBXFileReference; lastKnownFileType = file.storyboard; name = Base; path = Base.lproj/LaunchScreen.storyboard; sourceTree = "<group>"; };
		1B01CBEA1C10145400065739 /* Info.plist */ = {isa = PBXFileReference; lastKnownFileType = text.plist.xml; path = Info.plist; sourceTree = "<group>"; };
		1B01CBFA1C1021F800065739 /* HADHomeViewController.h */ = {isa = PBXFileReference; fileEncoding = 4; lastKnownFileType = sourcecode.c.h; path = HADHomeViewController.h; sourceTree = "<group>"; };
		1B01CBFB1C1021F800065739 /* HADHomeViewController.m */ = {isa = PBXFileReference; fileEncoding = 4; lastKnownFileType = sourcecode.c.objc; path = HADHomeViewController.m; sourceTree = "<group>"; };
		1B01CBFD1C102E7C00065739 /* UtilsMacro.h */ = {isa = PBXFileReference; fileEncoding = 4; lastKnownFileType = sourcecode.c.h; path = UtilsMacro.h; sourceTree = "<group>"; };
/* End PBXFileReference section */

/* Begin PBXFrameworksBuildPhase section */
		1B01CBD31C10145400065739 /* Frameworks */ = {
			isa = PBXFrameworksBuildPhase;
			buildActionMask = 2147483647;
			files = (
			);
			runOnlyForDeploymentPostprocessing = 0;
		};
/* End PBXFrameworksBuildPhase section */

/* Begin PBXGroup section */
		1B01CBCD1C10145300065739 = {
			isa = PBXGroup;
			children = (
				1B01CBD81C10145400065739 /* HaveADinner */,
				1B01CBD71C10145400065739 /* Products */,
			);
			sourceTree = "<group>";
		};
		1B01CBD71C10145400065739 /* Products */ = {
			isa = PBXGroup;
			children = (
				1B01CBD61C10145400065739 /* HaveADinner.app */,
			);
			name = Products;
			sourceTree = "<group>";
		};
		1B01CBD81C10145400065739 /* HaveADinner */ = {
			isa = PBXGroup;
			children = (
				1B01CBF01C10172E00065739 /* AppDelegate */,
				1B01CBF11C10172E00065739 /* General */,
				1B01CBF21C10172E00065739 /* Macro */,
				1B01CBF31C10172E00065739 /* Sections */,
				1B01CBF71C10172E00065739 /* Vendors */,
				1B01CBE21C10145400065739 /* Main.storyboard */,
				1B01CBD91C10145400065739 /* Supporting Files */,
			);
			path = HaveADinner;
			sourceTree = "<group>";
		};
		1B01CBD91C10145400065739 /* Supporting Files */ = {
			isa = PBXGroup;
			children = (
				1B01CBE71C10145400065739 /* LaunchScreen.storyboard */,
				1B01CBEA1C10145400065739 /* Info.plist */,
				1B01CBE51C10145400065739 /* Assets.xcassets */,
				1B01CBDA1C10145400065739 /* main.m */,
			);
			name = "Supporting Files";
			sourceTree = "<group>";
		};
		1B01CBF01C10172E00065739 /* AppDelegate */ = {
			isa = PBXGroup;
			children = (
				1B01CBDC1C10145400065739 /* AppDelegate.h */,
				1B01CBDD1C10145400065739 /* AppDelegate.m */,
			);
			path = AppDelegate;
			sourceTree = "<group>";
		};
		1B01CBF11C10172E00065739 /* General */ = {
			isa = PBXGroup;
			children = (
			);
			path = General;
			sourceTree = "<group>";
		};
		1B01CBF21C10172E00065739 /* Macro */ = {
			isa = PBXGroup;
			children = (
				1B01CBFD1C102E7C00065739 /* UtilsMacro.h */,
			);
			path = Macro;
			sourceTree = "<group>";
		};
		1B01CBF31C10172E00065739 /* Sections */ = {
			isa = PBXGroup;
			children = (
				1B01CBF41C10172E00065739 /* Controller */,
				1B01CBF51C10172E00065739 /* Model */,
				1B01CBF61C10172E00065739 /* Views */,
			);
			path = Sections;
			sourceTree = "<group>";
		};
		1B01CBF41C10172E00065739 /* Controller */ = {
			isa = PBXGroup;
			children = (
				1B01CBF81C1017FF00065739 /* Home */,
			);
			path = Controller;
			sourceTree = "<group>";
		};
		1B01CBF51C10172E00065739 /* Model */ = {
			isa = PBXGroup;
			children = (
			);
			path = Model;
			sourceTree = "<group>";
		};
		1B01CBF61C10172E00065739 /* Views */ = {
			isa = PBXGroup;
			children = (
				1B01CBF91C10218700065739 /* Home */,
			);
			path = Views;
			sourceTree = "<group>";
		};
		1B01CBF71C10172E00065739 /* Vendors */ = {
			isa = PBXGroup;
			children = (
			);
			path = Vendors;
			sourceTree = "<group>";
		};
		1B01CBF81C1017FF00065739 /* Home */ = {
			isa = PBXGroup;
			children = (
				1B01CBFA1C1021F800065739 /* HADHomeViewController.h */,
				1B01CBFB1C1021F800065739 /* HADHomeViewController.m */,
			);
			path = Home;
			sourceTree = "<group>";
		};
		1B01CBF91C10218700065739 /* Home */ = {
			isa = PBXGroup;
			children = (
				1B01CBFE1C106A8C00065739 /* Banner */,
			);
			path = Home;
			sourceTree = "<group>";
		};
		1B01CBFE1C106A8C00065739 /* Banner */ = {
			isa = PBXGroup;
			children = (
			);
			path = Banner;
			sourceTree = "<group>";
		};
/* End PBXGroup section */

/* Begin PBXNativeTarget section */
		1B01CBD51C10145400065739 /* HaveADinner */ = {
			isa = PBXNativeTarget;
			buildConfigurationList = 1B01CBED1C10145500065739 /* Build configuration list for PBXNativeTarget "HaveADinner" */;
			buildPhases = (
				1B01CBD21C10145400065739 /* Sources */,
				1B01CBD31C10145400065739 /* Frameworks */,
				1B01CBD41C10145400065739 /* Resources */,
			);
			buildRules = (
			);
			dependencies = (
			);
			name = HaveADinner;
			productName = HaveADinner;
			productReference = 1B01CBD61C10145400065739 /* HaveADinner.app */;
			productType = "com.apple.product-type.application";
		};
/* End PBXNativeTarget section */

/* Begin PBXProject section */
		1B01CBCE1C10145300065739 /* Project object */ = {
			isa = PBXProject;
			attributes = {
				CLASSPREFIX = HAD;
				LastUpgradeCheck = 0710;
				ORGANIZATIONNAME = cincheat;
				TargetAttributes = {
					1B01CBD51C10145400065739 = {
						CreatedOnToolsVersion = 7.1.1;
					};
				};
			};
			buildConfigurationList = 1B01CBD11C10145300065739 /* Build configuration list for PBXProject "HaveADinner" */;
			compatibilityVersion = "Xcode 3.2";
			developmentRegion = English;
			hasScannedForEncodings = 0;
			knownRegions = (
				en,
				Base,
			);
			mainGroup = 1B01CBCD1C10145300065739;
			productRefGroup = 1B01CBD71C10145400065739 /* Products */;
			projectDirPath = "";
			projectRoot = "";
			targets = (
				1B01CBD51C10145400065739 /* HaveADinner */,
			);
		};
/* End PBXProject section */

/* Begin PBXResourcesBuildPhase section */
		1B01CBD41C10145400065739 /* Resources */ = {
			isa = PBXResourcesBuildPhase;
			buildActionMask = 2147483647;
			files = (
				1B01CBE91C10145400065739 /* LaunchScreen.storyboard in Resources */,
				1B01CBE61C10145400065739 /* Assets.xcassets in Resources */,
				1B01CBE41C10145400065739 /* Main.storyboard in Resources */,
			);
			runOnlyForDeploymentPostprocessing = 0;
		};
/* End PBXResourcesBuildPhase section */

/* Begin PBXSourcesBuildPhase section */
		1B01CBD21C10145400065739 /* Sources */ = {
			isa = PBXSourcesBuildPhase;
			buildActionMask = 2147483647;
			files = (
				1B01CBDE1C10145400065739 /* AppDelegate.m in Sources */,
				1B01CBDB1C10145400065739 /* main.m in Sources */,
				1B01CBFC1C1021F800065739 /* HADHomeViewController.m in Sources */,
			);
			runOnlyForDeploymentPostprocessing = 0;
		};
/* End PBXSourcesBuildPhase section */

/* Begin PBXVariantGroup section */
		1B01CBE21C10145400065739 /* Main.storyboard */ = {
			isa = PBXVariantGroup;
			children = (
				1B01CBE31C10145400065739 /* Base */,
			);
			name = Main.storyboard;
			sourceTree = "<group>";
		};
		1B01CBE71C10145400065739 /* LaunchScreen.storyboard */ = {
			isa = PBXVariantGroup;
			children = (
				1B01CBE81C10145400065739 /* Base */,
			);
			name = LaunchScreen.storyboard;
			sourceTree = "<group>";
		};
/* End PBXVariantGroup section */

/* Begin XCBuildConfiguration section */
		1B01CBEB1C10145500065739 /* Debug */ = {
			isa = XCBuildConfiguration;
			buildSettings = {
				ALWAYS_SEARCH_USER_PATHS = NO;
				CLANG_CXX_LANGUAGE_STANDARD = "gnu++0x";
				CLANG_CXX_LIBRARY = "libc++";
				CLANG_ENABLE_MODULES = YES;
				CLANG_ENABLE_OBJC_ARC = YES;
				CLANG_WARN_BOOL_CONVERSION = YES;
				CLANG_WARN_CONSTANT_CONVERSION = YES;
				CLANG_WARN_DIRECT_OBJC_ISA_USAGE = YES_ERROR;
				CLANG_WARN_EMPTY_BODY = YES;
				CLANG_WARN_ENUM_CONVERSION = YES;
				CLANG_WARN_INT_CONVERSION = YES;
				CLANG_WARN_OBJC_ROOT_CLASS = YES_ERROR;
				CLANG_WARN_UNREACHABLE_CODE = YES;
				CLANG_WARN__DUPLICATE_METHOD_MATCH = YES;
				"CODE_SIGN_IDENTITY[sdk=iphoneos*]" = "iPhone Developer";
				COPY_PHASE_STRIP = NO;
				DEBUG_INFORMATION_FORMAT = dwarf;
				ENABLE_STRICT_OBJC_MSGSEND = YES;
				ENABLE_TESTABILITY = YES;
				GCC_C_LANGUAGE_STANDARD = gnu99;
				GCC_DYNAMIC_NO_PIC = NO;
				GCC_NO_COMMON_BLOCKS = YES;
				GCC_OPTIMIZATION_LEVEL = 0;
				GCC_PREPROCESSOR_DEFINITIONS = (
					"DEBUG=1",
					"$(inherited)",
				);
				GCC_WARN_64_TO_32_BIT_CONVERSION = YES;
				GCC_WARN_ABOUT_RETURN_TYPE = YES_ERROR;
				GCC_WARN_UNDECLARED_SELECTOR = YES;
				GCC_WARN_UNINITIALIZED_AUTOS = YES_AGGRESSIVE;
				GCC_WARN_UNUSED_FUNCTION = YES;
				GCC_WARN_UNUSED_VARIABLE = YES;
				IPHONEOS_DEPLOYMENT_TARGET = 9.1;
				MTL_ENABLE_DEBUG_INFO = YES;
				ONLY_ACTIVE_ARCH = YES;
				SDKROOT = iphoneos;
			};
			name = Debug;
		};
		1B01CBEC1C10145500065739 /* Release */ = {
			isa = XCBuildConfiguration;
			buildSettings = {
				ALWAYS_SEARCH_USER_PATHS = NO;
				CLANG_CXX_LANGUAGE_STANDARD = "gnu++0x";
				CLANG_CXX_LIBRARY = "libc++";
				CLANG_ENABLE_MODULES = YES;
				CLANG_ENABLE_OBJC_ARC = YES;
				CLANG_WARN_BOOL_CONVERSION = YES;
				CLANG_WARN_CONSTANT_CONVERSION = YES;
				CLANG_WARN_DIRECT_OBJC_ISA_USAGE = YES_ERROR;
				CLANG_WARN_EMPTY_BODY = YES;
				CLANG_WARN_ENUM_CONVERSION = YES;
				CLANG_WARN_INT_CONVERSION = YES;
				CLANG_WARN_OBJC_ROOT_CLASS = YES_ERROR;
				CLANG_WARN_UNREACHABLE_CODE = YES;
				CLANG_WARN__DUPLICATE_METHOD_MATCH = YES;
				"CODE_SIGN_IDENTITY[sdk=iphoneos*]" = "iPhone Developer";
				COPY_PHASE_STRIP = NO;
				DEBUG_INFORMATION_FORMAT = "dwarf-with-dsym";
				ENABLE_NS_ASSERTIONS = NO;
				ENABLE_STRICT_OBJC_MSGSEND = YES;
				GCC_C_LANGUAGE_STANDARD = gnu99;
				GCC_NO_COMMON_BLOCKS = YES;
				GCC_WARN_64_TO_32_BIT_CONVERSION = YES;
				GCC_WARN_ABOUT_RETURN_TYPE = YES_ERROR;
				GCC_WARN_UNDECLARED_SELECTOR = YES;
				GCC_WARN_UNINITIALIZED_AUTOS = YES_AGGRESSIVE;
				GCC_WARN_UNUSED_FUNCTION = YES;
				GCC_WARN_UNUSED_VARIABLE = YES;
				IPHONEOS_DEPLOYMENT_TARGET = 9.1;
				MTL_ENABLE_DEBUG_INFO = NO;
				SDKROOT = iphoneos;
				VALIDATE_PRODUCT = YES;
			};
			name = Release;
		};
		1B01CBEE1C10145500065739 /* Debug */ = {
			isa = XCBuildConfiguration;
			buildSettings = {
				ASSETCATALOG_COMPILER_APPICON_NAME = AppIcon;
				INFOPLIST_FILE = HaveADinner/Info.plist;
				LD_RUNPATH_SEARCH_PATHS = "$(inherited) @executable_path/Frameworks";
				PRODUCT_BUNDLE_IDENTIFIER = com.cincheat.HaveADinner;
				PRODUCT_NAME = "$(TARGET_NAME)";
			};
			name = Debug;
		};
		1B01CBEF1C10145500065739 /* Release */ = {
			isa = XCBuildConfiguration;
			buildSettings = {
				ASSETCATALOG_COMPILER_APPICON_NAME = AppIcon;
				INFOPLIST_FILE = HaveADinner/Info.plist;
				LD_RUNPATH_SEARCH_PATHS = "$(inherited) @executable_path/Frameworks";
				PRODUCT_BUNDLE_IDENTIFIER = com.cincheat.HaveADinner;
				PRODUCT_NAME = "$(TARGET_NAME)";
			};
			name = Release;
		};
/* End XCBuildConfiguration section */

/* Begin XCConfigurationList section */
		1B01CBD11C10145300065739 /* Build configuration list for PBXProject "HaveADinner" */ = {
			isa = XCConfigurationList;
			buildConfigurations = (
				1B01CBEB1C10145500065739 /* Debug */,
				1B01CBEC1C10145500065739 /* Release */,
			);
			defaultConfigurationIsVisible = 0;
			defaultConfigurationName = Release;
		};
		1B01CBED1C10145500065739 /* Build configuration list for PBXNativeTarget "HaveADinner" */ = {
			isa = XCConfigurationList;
			buildConfigurations = (
				1B01CBEE1C10145500065739 /* Debug */,
				1B01CBEF1C10145500065739 /* Release */,
			);
			defaultConfigurationIsVisible = 0;
			defaultConfigurationName = Release;
		};
/* End XCConfigurationList section */
	};
	rootObject = 1B01CBCE1C10145300065739 /* Project object */;
}
